
Microsoft Visual Studio Solution File, Format Version 12.00
# Visual Studio 14
VisualStudioVersion = 14.0.25420.1
MinimumVisualStudioVersion = 10.0.40219.1
Project("{FAE04EC0-301F-11D3-BF4B-00C04F79EFBC}") = "WindowsKinectLaunch", "WindowsKinectLaunch\WindowsKinectLaunch.csproj", "{ED71BBE9-4C36-4D58-B87A-CF9E92FF31D9}"
EndProject
Project("{FAE04EC0-301F-11D3-BF4B-00C04F79EFBC}") = "KinectWindowsInteraction", "..\KinectWindowsInteraction\KinectWindowsInteraction\KinectWindowsInteraction.csproj", "{FCF1DE0C-ED82-471E-8FBE-D3A0BD2F4520}"
EndProject
Project("{FAE04EC0-301F-11D3-BF4B-00C04F79EFBC}") = "KinectRgbdInteraction", "..\KinectRgbdInteraction\KinectRgbdInteraction\KinectRgbdInteraction.csproj", "{44951979-D333-470E-8909-F718565E7622}"
EndProject
Global
	GlobalSection(SolutionConfigurationPlatforms) = preSolution
		Debug|ARM = Debug|ARM
		Debug|x64 = Debug|x64
		Debug|x86 = Debug|x86
		Release|ARM = Release|ARM
		Release|x64 = Release|x64
		Release|x86 = Release|x86
	EndGlobalSection
	GlobalSection(ProjectConfigurationPlatforms) = postSolution
		{ED71BBE9-4C36-4D58-B87A-CF9E92FF31D9}.Debug|ARM.ActiveCfg = Debug|ARM
		{ED71BBE9-4C36-4D58-B87A-CF9E92FF31D9}.Debug|ARM.Build.0 = Debug|ARM
		{ED71BBE9-4C36-4D58-B87A-CF9E92FF31D9}.Debug|ARM.Deploy.0 = Debug|ARM
		{ED71BBE9-4C36-4D58-B87A-CF9E92FF31D9}.Debug|x64.ActiveCfg = Debug|x64
		{ED71BBE9-4C36-4D58-B87A-CF9E92FF31D9}.Debug|x64.Build.0 = Debug|x64
		{ED71BBE9-4C36-4D58-B87A-CF9E92FF31D9}.Debug|x64.Deploy.0 = Debug|x64
		{ED71BBE9-4C36-4D58-B87A-CF9E92FF31D9}.Debug|x86.ActiveCfg = Debug|x86
		{ED71BBE9-4C36-4D58-B87A-CF9E92FF31D9}.Debug|x86.Build.0 = Debug|x86
		{ED71BBE9-4C36-4D58-B87A-CF9E92FF31D9}.Debug|x86.Deploy.0 = Debug|x86
		{ED71BBE9-4C36-4D58-B87A-CF9E92FF31D9}.Release|ARM.ActiveCfg = Release|ARM
		{ED71BBE9-4C36-4D58-B87A-CF9E92FF31D9}.Release|ARM.Build.0 = Release|ARM
		{ED71BBE9-4C36-4D58-B87A-CF9E92FF31D9}.Release|ARM.Deploy.0 = Release|ARM
		{ED71BBE9-4C36-4D58-B87A-CF9E92FF31D9}.Release|x64.ActiveCfg = Release|x64
		{ED71BBE9-4C36-4D58-B87A-CF9E92FF31D9}.Release|x64.Build.0 = Release|x64
		{ED71BBE9-4C36-4D58-B87A-CF9E92FF31D9}.Release|x64.Deploy.0 = Release|x64
		{ED71BBE9-4C36-4D58-B87A-CF9E92FF31D9}.Release|x86.ActiveCfg = Release|x86
		{ED71BBE9-4C36-4D58-B87A-CF9E92FF31D9}.Release|x86.Build.0 = Release|x86
		{ED71BBE9-4C36-4D58-B87A-CF9E92FF31D9}.Release|x86.Deploy.0 = Release|x86
		{FCF1DE0C-ED82-471E-8FBE-D3A0BD2F4520}.Debug|ARM.ActiveCfg = Debug|ARM
		{FCF1DE0C-ED82-471E-8FBE-D3A0BD2F4520}.Debug|ARM.Build.0 = Debug|ARM
		{FCF1DE0C-ED82-471E-8FBE-D3A0BD2F4520}.Debug|ARM.Deploy.0 = Debug|ARM
		{FCF1DE0C-ED82-471E-8FBE-D3A0BD2F4520}.Debug|x64.ActiveCfg = Debug|x64
		{FCF1DE0C-ED82-471E-8FBE-D3A0BD2F4520}.Debug|x64.Build.0 = Debug|x64
		{FCF1DE0C-ED82-471E-8FBE-D3A0BD2F4520}.Debug|x64.Deploy.0 = Debug|x64
		{FCF1DE0C-ED82-471E-8FBE-D3A0BD2F4520}.Debug|x86.ActiveCfg = Debug|x86
		{FCF1DE0C-ED82-471E-8FBE-D3A0BD2F4520}.Debug|x86.Build.0 = Debug|x86
		{FCF1DE0C-ED82-471E-8FBE-D3A0BD2F4520}.Debug|x86.Deploy.0 = Debug|x86
		{FCF1DE0C-ED82-471E-8FBE-D3A0BD2F4520}.Release|ARM.ActiveCfg = Release|ARM
		{FCF1DE0C-ED82-471E-8FBE-D3A0BD2F4520}.Release|ARM.Build.0 = Release|ARM
		{FCF1DE0C-ED82-471E-8FBE-D3A0BD2F4520}.Release|ARM.Deploy.0 = Release|ARM
		{FCF1DE0C-ED82-471E-8FBE-D3A0BD2F4520}.Release|x64.ActiveCfg = Release|x64
		{FCF1DE0C-ED82-471E-8FBE-D3A0BD2F4520}.Release|x64.Build.0 = Release|x64
		{FCF1DE0C-ED82-471E-8FBE-D3A0BD2F4520}.Release|x64.Deploy.0 = Release|x64
		{FCF1DE0C-ED82-471E-8FBE-D3A0BD2F4520}.Release|x86.ActiveCfg = Release|x86
		{FCF1DE0C-ED82-471E-8FBE-D3A0BD2F4520}.Release|x86.Build.0 = Release|x86
		{FCF1DE0C-ED82-471E-8FBE-D3A0BD2F4520}.Release|x86.Deploy.0 = Release|x86
		{44951979-D333-470E-8909-F718565E7622}.Debug|ARM.ActiveCfg = Debug|ARM
		{44951979-D333-470E-8909-F718565E7622}.Debug|ARM.Build.0 = Debug|ARM
		{44951979-D333-470E-8909-F718565E7622}.Debug|ARM.Deploy.0 = Debug|ARM
		{44951979-D333-470E-8909-F718565E7622}.Debug|x64.ActiveCfg = Debug|x64
		{44951979-D333-470E-8909-F718565E7622}.Debug|x64.Build.0 = Debug|x64
		{44951979-D333-470E-8909-F718565E7622}.Debug|x64.Deploy.0 = Debug|x64
		{44951979-D333-470E-8909-F718565E7622}.Debug|x86.ActiveCfg = Debug|x86
		{44951979-D333-470E-8909-F718565E7622}.Debug|x86.Build.0 = Debug|x86
		{44951979-D333-470E-8909-F718565E7622}.Debug|x86.Deploy.0 = Debug|x86
		{44951979-D333-470E-8909-F718565E7622}.Release|ARM.ActiveCfg = Release|ARM
		{44951979-D333-470E-8909-F718565E7622}.Release|ARM.Build.0 = Release|ARM
		{44951979-D333-470E-8909-F718565E7622}.Release|ARM.Deploy.0 = Release|ARM
		{44951979-D333-470E-8909-F718565E7622}.Release|x64.ActiveCfg = Release|x64
		{44951979-D333-470E-8909-F718565E7622}.Release|x64.Build.0 = Release|x64
		{44951979-D333-470E-8909-F718565E7622}.Release|x64.Deploy.0 = Release|x64
		{44951979-D333-470E-8909-F718565E7622}.Release|x86.ActiveCfg = Release|x86
		{44951979-D333-470E-8909-F718565E7622}.Release|x86.Build.0 = Release|x86
		{44951979-D333-470E-8909-F718565E7622}.Release|x86.Deploy.0 = Release|x86
	EndGlobalSection
	GlobalSection(SolutionProperties) = preSolution
		HideSolutionNode = FALSE
	EndGlobalSection
EndGlobal
